
Microsoft Visual Studio Solution File, Format Version 12.00
# Visual Studio Version 17
VisualStudioVersion = 17.0.31903.59
MinimumVisualStudioVersion = 10.0.40219.1
Project("{2150E333-8FDC-42A3-9474-1A3956D46DE8}") = "moneyextension", "moneyextension", "{6E4D4F99-B2FF-6343-A722-5B0832A86E6B}"
EndProject
Project("{FAE04EC0-301F-11D3-BF4B-00C04F79EFBC}") = "MoneyExtension", "moneyextension\MoneyExtension.csproj", "{0EC5ECC5-AADE-4DBE-94F8-742097FE59FE}"
EndProject
Project("{2150E333-8FDC-42A3-9474-1A3956D46DE8}") = "moneyextension.tests", "moneyextension.tests", "{8FAF8606-FF2F-5B94-A1BB-BFA3DBCE4E7D}"
EndProject
Project("{FAE04EC0-301F-11D3-BF4B-00C04F79EFBC}") = "MoneyExtension.tests", "moneyextension.tests\MoneyExtension.tests.csproj", "{E6938383-DD30-4495-B690-1D89F6F16A47}"
EndProject
Global
	GlobalSection(SolutionConfigurationPlatforms) = preSolution
		Debug|Any CPU = Debug|Any CPU
		Debug|x64 = Debug|x64
		Debug|x86 = Debug|x86
		Release|Any CPU = Release|Any CPU
		Release|x64 = Release|x64
		Release|x86 = Release|x86
	EndGlobalSection
	GlobalSection(ProjectConfigurationPlatforms) = postSolution
		{0EC5ECC5-AADE-4DBE-94F8-742097FE59FE}.Debug|Any CPU.ActiveCfg = Debug|Any CPU
		{0EC5ECC5-AADE-4DBE-94F8-742097FE59FE}.Debug|Any CPU.Build.0 = Debug|Any CPU
		{0EC5ECC5-AADE-4DBE-94F8-742097FE59FE}.Debug|x64.ActiveCfg = Debug|Any CPU
		{0EC5ECC5-AADE-4DBE-94F8-742097FE59FE}.Debug|x64.Build.0 = Debug|Any CPU
		{0EC5ECC5-AADE-4DBE-94F8-742097FE59FE}.Debug|x86.ActiveCfg = Debug|Any CPU
		{0EC5ECC5-AADE-4DBE-94F8-742097FE59FE}.Debug|x86.Build.0 = Debug|Any CPU
		{0EC5ECC5-AADE-4DBE-94F8-742097FE59FE}.Release|Any CPU.ActiveCfg = Release|Any CPU
		{0EC5ECC5-AADE-4DBE-94F8-742097FE59FE}.Release|Any CPU.Build.0 = Release|Any CPU
		{0EC5ECC5-AADE-4DBE-94F8-742097FE59FE}.Release|x64.ActiveCfg = Release|Any CPU
		{0EC5ECC5-AADE-4DBE-94F8-742097FE59FE}.Release|x64.Build.0 = Release|Any CPU
		{0EC5ECC5-AADE-4DBE-94F8-742097FE59FE}.Release|x86.ActiveCfg = Release|Any CPU
		{0EC5ECC5-AADE-4DBE-94F8-742097FE59FE}.Release|x86.Build.0 = Release|Any CPU
		{E6938383-DD30-4495-B690-1D89F6F16A47}.Debug|Any CPU.ActiveCfg = Debug|Any CPU
		{E6938383-DD30-4495-B690-1D89F6F16A47}.Debug|Any CPU.Build.0 = Debug|Any CPU
		{E6938383-DD30-4495-B690-1D89F6F16A47}.Debug|x64.ActiveCfg = Debug|Any CPU
		{E6938383-DD30-4495-B690-1D89F6F16A47}.Debug|x64.Build.0 = Debug|Any CPU
		{E6938383-DD30-4495-B690-1D89F6F16A47}.Debug|x86.ActiveCfg = Debug|Any CPU
		{E6938383-DD30-4495-B690-1D89F6F16A47}.Debug|x86.Build.0 = Debug|Any CPU
		{E6938383-DD30-4495-B690-1D89F6F16A47}.Release|Any CPU.ActiveCfg = Release|Any CPU
		{E6938383-DD30-4495-B690-1D89F6F16A47}.Release|Any CPU.Build.0 = Release|Any CPU
		{E6938383-DD30-4495-B690-1D89F6F16A47}.Release|x64.ActiveCfg = Release|Any CPU
		{E6938383-DD30-4495-B690-1D89F6F16A47}.Release|x64.Build.0 = Release|Any CPU
		{E6938383-DD30-4495-B690-1D89F6F16A47}.Release|x86.ActiveCfg = Release|Any CPU
		{E6938383-DD30-4495-B690-1D89F6F16A47}.Release|x86.Build.0 = Release|Any CPU
	EndGlobalSection
	GlobalSection(SolutionProperties) = preSolution
		HideSolutionNode = FALSE
	EndGlobalSection
	GlobalSection(NestedProjects) = preSolution
		{0EC5ECC5-AADE-4DBE-94F8-742097FE59FE} = {6E4D4F99-B2FF-6343-A722-5B0832A86E6B}
		{E6938383-DD30-4495-B690-1D89F6F16A47} = {8FAF8606-FF2F-5B94-A1BB-BFA3DBCE4E7D}
	EndGlobalSection
EndGlobal
